
Microsoft Visual Studio Solution File, Format Version 12.00
# Visual Studio Version 17
VisualStudioVersion = 17.3.32811.315
MinimumVisualStudioVersion = 10.0.40219.1
Project("{9A19103F-16F7-4668-BE54-9A1E7A4F7556}") = "tewd", "tewd.csproj", "{CC4B4A2E-2F79-49A6-AC86-E25EB6E50643}"
EndProject
Global
	GlobalSection(SolutionConfigurationPlatforms) = preSolution
		Debug|Any CPU = Debug|Any CPU
		Release|Any CPU = Release|Any CPU
	EndGlobalSection
	GlobalSection(ProjectConfigurationPlatforms) = postSolution
		{CC4B4A2E-2F79-49A6-AC86-E25EB6E50643}.Debug|Any CPU.ActiveCfg = Debug|Any CPU
		{CC4B4A2E-2F79-49A6-AC86-E25EB6E50643}.Debug|Any CPU.Build.0 = Debug|Any CPU
		{CC4B4A2E-2F79-49A6-AC86-E25EB6E50643}.Release|Any CPU.ActiveCfg = Release|Any CPU
		{CC4B4A2E-2F79-49A6-AC86-E25EB6E50643}.Release|Any CPU.Build.0 = Release|Any CPU
	EndGlobalSection
	GlobalSection(SolutionProperties) = preSolution
		HideSolutionNode = FALSE
	EndGlobalSection
	GlobalSection(ExtensibilityGlobals) = postSolution
		SolutionGuid = {75238351-8A44-4AA6-8BB4-F5BAC0B90AC8}
	EndGlobalSection
EndGlobal
